
Microsoft Visual Studio Solution File, Format Version 12.00
# Visual Studio Version 16
VisualStudioVersion = 16.0.29306.81
MinimumVisualStudioVersion = 10.0.40219.1
Project("{9A19103F-16F7-4668-BE54-9A1E7A4F7556}") = "ClassLibrary", "ClassLibrary\ClassLibrary.csproj", "{68DCEA9D-2012-4E55-BC6C-7F5B0A18C7D5}"
EndProject
Project("{9A19103F-16F7-4668-BE54-9A1E7A4F7556}") = "TESTS", "TESTS\TESTS.csproj", "{BBD42381-1F8D-49A2-A7A7-C2E3AA6134B5}"
EndProject
Project("{FAE04EC0-301F-11D3-BF4B-00C04F79EFBC}") = "StoreBaeltTicketLibrary", "StoreBaeltTicketLibrary\StoreBaeltTicketLibrary.csproj", "{53458E39-48E9-4041-AD47-DC48A25619FC}"
EndProject
Project("{FAE04EC0-301F-11D3-BF4B-00C04F79EFBC}") = "Oresundbron", "Oresundbron\Oresundbron.csproj", "{D18B90BD-EC11-47D6-ADEB-0CFB37CB4D30}"
EndProject
Global
	GlobalSection(SolutionConfigurationPlatforms) = preSolution
		Debug|Any CPU = Debug|Any CPU
		Release|Any CPU = Release|Any CPU
	EndGlobalSection
	GlobalSection(ProjectConfigurationPlatforms) = postSolution
		{68DCEA9D-2012-4E55-BC6C-7F5B0A18C7D5}.Debug|Any CPU.ActiveCfg = Debug|Any CPU
		{68DCEA9D-2012-4E55-BC6C-7F5B0A18C7D5}.Debug|Any CPU.Build.0 = Debug|Any CPU
		{68DCEA9D-2012-4E55-BC6C-7F5B0A18C7D5}.Release|Any CPU.ActiveCfg = Release|Any CPU
		{68DCEA9D-2012-4E55-BC6C-7F5B0A18C7D5}.Release|Any CPU.Build.0 = Release|Any CPU
		{BBD42381-1F8D-49A2-A7A7-C2E3AA6134B5}.Debug|Any CPU.ActiveCfg = Debug|Any CPU
		{BBD42381-1F8D-49A2-A7A7-C2E3AA6134B5}.Debug|Any CPU.Build.0 = Debug|Any CPU
		{BBD42381-1F8D-49A2-A7A7-C2E3AA6134B5}.Release|Any CPU.ActiveCfg = Release|Any CPU
		{BBD42381-1F8D-49A2-A7A7-C2E3AA6134B5}.Release|Any CPU.Build.0 = Release|Any CPU
		{53458E39-48E9-4041-AD47-DC48A25619FC}.Debug|Any CPU.ActiveCfg = Debug|Any CPU
		{53458E39-48E9-4041-AD47-DC48A25619FC}.Debug|Any CPU.Build.0 = Debug|Any CPU
		{53458E39-48E9-4041-AD47-DC48A25619FC}.Release|Any CPU.ActiveCfg = Release|Any CPU
		{53458E39-48E9-4041-AD47-DC48A25619FC}.Release|Any CPU.Build.0 = Release|Any CPU
		{D18B90BD-EC11-47D6-ADEB-0CFB37CB4D30}.Debug|Any CPU.ActiveCfg = Debug|Any CPU
		{D18B90BD-EC11-47D6-ADEB-0CFB37CB4D30}.Debug|Any CPU.Build.0 = Debug|Any CPU
		{D18B90BD-EC11-47D6-ADEB-0CFB37CB4D30}.Release|Any CPU.ActiveCfg = Release|Any CPU
		{D18B90BD-EC11-47D6-ADEB-0CFB37CB4D30}.Release|Any CPU.Build.0 = Release|Any CPU
	EndGlobalSection
	GlobalSection(SolutionProperties) = preSolution
		HideSolutionNode = FALSE
	EndGlobalSection
	GlobalSection(ExtensibilityGlobals) = postSolution
		SolutionGuid = {DB369C67-9400-4357-8DE2-2A4EE9D05B4E}
	EndGlobalSection
EndGlobal
